<Solution>
  <Folder Name="/src/">
    <Project Path="src/Mise.ApiService/Mise.ApiService.csproj" />
    <Project Path="src/Mise.AppHost/Mise.AppHost.csproj" />
    <Project Path="src/Mise.ServiceDefaults/Mise.ServiceDefaults.csproj" />
    <Project Path="src/Mise.SharedKernel/Mise.SharedKernel.csproj" />
    <Project Path="src/Mise.SharedKernel.Infrastructure/Mise.SharedKernel.Infrastructure.csproj" />
    <Project Path="src/Mise.SharedKernel.Persistence/Mise.SharedKernel.Persistence.csproj" />
    <Project Path="src/Mise.MigrationService/Mise.MigrationService.csproj" />
    <Project Path="src/Mise.Web/Mise.Web.csproj" />
  </Folder>
  <Folder Name="/src/Modules/" />
  <Folder Name="/src/Modules/Reservations/">
    <Project Path="src/Modules/Mise.Modules.Reservations.Application/Mise.Modules.Reservations.Application.csproj" />
    <Project Path="src/Modules/Mise.Modules.Reservations.Contracts/Mise.Modules.Reservations.Contracts.csproj" />
    <Project Path="src/Modules/Mise.Modules.Reservations.Domain/Mise.Modules.Reservations.Domain.csproj" />
    <Project Path="src/Modules/Mise.Modules.Reservations.Infrastructure/Mise.Modules.Reservations.Infrastructure.csproj" />
  </Folder>
  <Folder Name="/src/Modules/StaffIdentity/">
    <Project Path="src/Modules/Mise.Modules.StaffIdentity.Application/Mise.Modules.StaffIdentity.Application.csproj" />
    <Project Path="src/Modules/Mise.Modules.StaffIdentity.Contracts/Mise.Modules.StaffIdentity.Contracts.csproj" />
    <Project Path="src/Modules/Mise.Modules.StaffIdentity.Domain/Mise.Modules.StaffIdentity.Domain.csproj" />
    <Project Path="src/Modules/Mise.Modules.StaffIdentity.Infrastructure/Mise.Modules.StaffIdentity.Infrastructure.csproj" />
  </Folder>
  <Folder Name="/src/Modules/Tables/">
    <Project Path="src/Modules/Mise.Modules.Tables.Application/Mise.Modules.Tables.Application.csproj" />
    <Project Path="src/Modules/Mise.Modules.Tables.Contracts/Mise.Modules.Tables.Contracts.csproj" />
    <Project Path="src/Modules/Mise.Modules.Tables.Domain/Mise.Modules.Tables.Domain.csproj" />
    <Project Path="src/Modules/Mise.Modules.Tables.Infrastructure/Mise.Modules.Tables.Infrastructure.csproj" />
  </Folder>
  <Folder Name="/src/Modules/Scheduling/">
    <Project Path="src/Modules/Mise.Modules.Scheduling.Application/Mise.Modules.Scheduling.Application.csproj" />
    <Project Path="src/Modules/Mise.Modules.Scheduling.Contracts/Mise.Modules.Scheduling.Contracts.csproj" />
    <Project Path="src/Modules/Mise.Modules.Scheduling.Domain/Mise.Modules.Scheduling.Domain.csproj" />
    <Project Path="src/Modules/Mise.Modules.Scheduling.Infrastructure/Mise.Modules.Scheduling.Infrastructure.csproj" />
  </Folder>
  <Folder Name="/src/UI/">
    <Project Path="src/UI/Mise.UI.Abstractions/Mise.UI.Abstractions.csproj" />
    <Project Path="src/UI/Mise.UI.Components/Mise.UI.Components.csproj" />
  </Folder>
  <Folder Name="/tests/">
    <Project Path="tests/Mise.ArchitectureTests/Mise.ArchitectureTests.csproj" />
    <Project Path="tests/Mise.Client.UnitTests/Mise.Client.UnitTests.csproj" />
    <Project Path="tests/Mise.E2ETests/Mise.E2ETests.csproj" />
    <Project Path="tests/Mise.IntegrationTests/Mise.IntegrationTests.csproj" />
    <Project Path="tests/Mise.UnitTests/Mise.UnitTests.csproj" />
  </Folder>
</Solution>
