<Solution>
  <Folder Name="/src/">
    <Project Path="src/Mise.ApiService/Mise.ApiService.csproj" />
    <Project Path="src/Mise.AppHost/Mise.AppHost.csproj" />
    <Project Path="src/Mise.ServiceDefaults/Mise.ServiceDefaults.csproj" />
    <Project Path="src/Mise.Web/Mise.Web.csproj" />
  </Folder>
  <Folder Name="/src/Modules/">
  </Folder>
  <Folder Name="/src/UI/">
  </Folder>
  <Folder Name="/tests/">
    <!-- Physically still under src/Mise.Tests until Phase 1, where it becomes
         tests/Mise.IntegrationTests alongside the other four test-tier projects. -->
    <Project Path="src/Mise.Tests/Mise.Tests.csproj" />
  </Folder>
</Solution>
