<Solution>
  <Folder Name="/src/">
    <Project Path="src/Mise.ApiService/Mise.ApiService.csproj" />
    <Project Path="src/Mise.AppHost/Mise.AppHost.csproj" />
    <Project Path="src/Mise.ServiceDefaults/Mise.ServiceDefaults.csproj" />
    <Project Path="src/Mise.SharedKernel/Mise.SharedKernel.csproj" />
    <Project Path="src/Mise.Web/Mise.Web.csproj" />
  </Folder>
  <Folder Name="/src/Modules/">
  </Folder>
  <Folder Name="/src/UI/">
  </Folder>
  <Folder Name="/tests/">
    <Project Path="tests/Mise.ArchitectureTests/Mise.ArchitectureTests.csproj" />
    <Project Path="tests/Mise.Client.UnitTests/Mise.Client.UnitTests.csproj" />
    <Project Path="tests/Mise.E2ETests/Mise.E2ETests.csproj" />
    <Project Path="tests/Mise.IntegrationTests/Mise.IntegrationTests.csproj" />
    <Project Path="tests/Mise.UnitTests/Mise.UnitTests.csproj" />
  </Folder>
</Solution>
